
Microsoft Visual Studio Solution File, Format Version 12.00
# Visual Studio 15
VisualStudioVersion = 15.0.26124.0
MinimumVisualStudioVersion = 15.0.26124.0
Project("{9A19103F-16F7-4668-BE54-9A1E7A4F7556}") = "R5T.Groenbjerg.Construction", "R5T.Groenbjerg.Construction\R5T.Groenbjerg.Construction.csproj", "{72DDB67C-5676-4E38-B885-86D339F2CF23}"
EndProject
Project("{9A19103F-16F7-4668-BE54-9A1E7A4F7556}") = "R5T.Groenbjerg", "R5T.Groenbjerg\R5T.Groenbjerg.csproj", "{E3E1F37A-9599-4227-9042-BE9BCE22779C}"
EndProject
Project("{9A19103F-16F7-4668-BE54-9A1E7A4F7556}") = "R5T.Groenbjerg.Configuration.Base", "R5T.Groenbjerg.Configuration.Base\R5T.Groenbjerg.Configuration.Base.csproj", "{2FAD6620-2F0A-4CF5-AED6-71429C475117}"
EndProject
Project("{9A19103F-16F7-4668-BE54-9A1E7A4F7556}") = "R5T.Groenbjerg.Configuration.Sardinia", "R5T.Groenbjerg.Configuration.Sardinia\R5T.Groenbjerg.Configuration.Sardinia.csproj", "{EA3B0ED2-9C66-44E6-ABF1-9FCD5BCD6A26}"
EndProject
Project("{9A19103F-16F7-4668-BE54-9A1E7A4F7556}") = "R5T.Groenbjerg.Configuration.Suebia", "R5T.Groenbjerg.Configuration.Suebia\R5T.Groenbjerg.Configuration.Suebia.csproj", "{0F624E86-D899-4AD7-B4C5-8CC8647C025D}"
EndProject
Project("{2150E333-8FDC-42A3-9474-1A3956D46DE8}") = "_Dependencies", "_Dependencies", "{C00E84BB-3C02-448C-904B-241364ECA34F}"
EndProject
Project("{9A19103F-16F7-4668-BE54-9A1E7A4F7556}") = "R5T.Suebia.Base", "..\..\R5T.Suebia.Base\source\R5T.Suebia.Base\R5T.Suebia.Base.csproj", "{455E46D8-591C-4A3D-A5D3-F100935B8B73}"
EndProject
Project("{9A19103F-16F7-4668-BE54-9A1E7A4F7556}") = "R5T.Dacia.Extensions", "..\..\R5T.Dacia.Extensions\source\R5T.Dacia.Extensions\R5T.Dacia.Extensions.csproj", "{09F85C00-E927-4B5A-AF96-7547E7753307}"
EndProject
Project("{9A19103F-16F7-4668-BE54-9A1E7A4F7556}") = "R5T.Dacia", "..\..\R5T.Dacia\source\R5T.Dacia\R5T.Dacia.csproj", "{D19A60B1-06B3-4E76-B8BC-1636AF7645A2}"
EndProject
Project("{9A19103F-16F7-4668-BE54-9A1E7A4F7556}") = "R5T.Suebia.Extensions", "..\..\R5T.Suebia.Extensions\source\R5T.Suebia.Extensions\R5T.Suebia.Extensions.csproj", "{D0A801BD-6D47-43C0-B9B5-3CC69B02E0F7}"
EndProject
Project("{9A19103F-16F7-4668-BE54-9A1E7A4F7556}") = "R5T.Chamavia", "..\..\R5T.Chamavia\source\R5T.Chamavia\R5T.Chamavia.csproj", "{482F7B9B-4676-4F31-BFAD-57CF76FF2BA1}"
EndProject
Project("{9A19103F-16F7-4668-BE54-9A1E7A4F7556}") = "R5T.Aalborg", "..\..\R5T.Aalborg\source\R5T.Aalborg\R5T.Aalborg.csproj", "{5D069DD2-F659-43C6-B908-53F1F9BD3964}"
EndProject
Project("{9A19103F-16F7-4668-BE54-9A1E7A4F7556}") = "R5T.Sardinia", "..\..\R5T.Sardinia\source\R5T.Sardinia\R5T.Sardinia.csproj", "{290FC416-F5B9-42D0-A55C-3D09DFFD9398}"
EndProject
Project("{9A19103F-16F7-4668-BE54-9A1E7A4F7556}") = "R5T.Exeter", "..\..\R5T.Exeter\source\R5T.Exeter\R5T.Exeter.csproj", "{406D44F8-BB65-4B04-BF82-F8747C99B714}"
EndProject
Project("{9A19103F-16F7-4668-BE54-9A1E7A4F7556}") = "R5T.Chamavia.Extensions", "..\..\R5T.Chamavia.Extensions\source\R5T.Chamavia.Extensions\R5T.Chamavia.Extensions.csproj", "{6F135742-D6D5-49D2-8E76-4A341EFC2B5A}"
EndProject
Project("{9A19103F-16F7-4668-BE54-9A1E7A4F7556}") = "R5T.Langobard.Extensions", "..\..\R5T.Langobard.Extensions\source\R5T.Langobard.Extensions\R5T.Langobard.Extensions.csproj", "{483B1AB6-8618-4129-AE0A-FBD504F735C2}"
EndProject
Project("{9A19103F-16F7-4668-BE54-9A1E7A4F7556}") = "R5T.Langobard", "..\..\R5T.Langobard\source\R5T.Langobard\R5T.Langobard.csproj", "{72356A2F-B5B5-4CAF-81BC-E0588BA7B704}"
EndProject
Project("{9A19103F-16F7-4668-BE54-9A1E7A4F7556}") = "R5T.Opatia", "..\..\R5T.Opatia\source\R5T.Opatia\R5T.Opatia.csproj", "{FBC15755-ED64-4151-8DC1-1D5B3A8F85BF}"
EndProject
Project("{FAE04EC0-301F-11D3-BF4B-00C04F79EFBC}") = "R5T.Groenbjerg.Configuration.Standard", "R5T.Groenbjerg.Configuration.Standard\R5T.Groenbjerg.Configuration.Standard.csproj", "{9E5FC06E-F906-475B-A98E-C8A558AF2319}"
EndProject
Global
	GlobalSection(SolutionConfigurationPlatforms) = preSolution
		Debug|Any CPU = Debug|Any CPU
		Debug|x64 = Debug|x64
		Debug|x86 = Debug|x86
		Release|Any CPU = Release|Any CPU
		Release|x64 = Release|x64
		Release|x86 = Release|x86
	EndGlobalSection
	GlobalSection(ProjectConfigurationPlatforms) = postSolution
		{72DDB67C-5676-4E38-B885-86D339F2CF23}.Debug|Any CPU.ActiveCfg = Debug|Any CPU
		{72DDB67C-5676-4E38-B885-86D339F2CF23}.Debug|Any CPU.Build.0 = Debug|Any CPU
		{72DDB67C-5676-4E38-B885-86D339F2CF23}.Debug|x64.ActiveCfg = Debug|Any CPU
		{72DDB67C-5676-4E38-B885-86D339F2CF23}.Debug|x64.Build.0 = Debug|Any CPU
		{72DDB67C-5676-4E38-B885-86D339F2CF23}.Debug|x86.ActiveCfg = Debug|Any CPU
		{72DDB67C-5676-4E38-B885-86D339F2CF23}.Debug|x86.Build.0 = Debug|Any CPU
		{72DDB67C-5676-4E38-B885-86D339F2CF23}.Release|Any CPU.ActiveCfg = Release|Any CPU
		{72DDB67C-5676-4E38-B885-86D339F2CF23}.Release|Any CPU.Build.0 = Release|Any CPU
		{72DDB67C-5676-4E38-B885-86D339F2CF23}.Release|x64.ActiveCfg = Release|Any CPU
		{72DDB67C-5676-4E38-B885-86D339F2CF23}.Release|x64.Build.0 = Release|Any CPU
		{72DDB67C-5676-4E38-B885-86D339F2CF23}.Release|x86.ActiveCfg = Release|Any CPU
		{72DDB67C-5676-4E38-B885-86D339F2CF23}.Release|x86.Build.0 = Release|Any CPU
		{E3E1F37A-9599-4227-9042-BE9BCE22779C}.Debug|Any CPU.ActiveCfg = Debug|Any CPU
		{E3E1F37A-9599-4227-9042-BE9BCE22779C}.Debug|Any CPU.Build.0 = Debug|Any CPU
		{E3E1F37A-9599-4227-9042-BE9BCE22779C}.Debug|x64.ActiveCfg = Debug|Any CPU
		{E3E1F37A-9599-4227-9042-BE9BCE22779C}.Debug|x64.Build.0 = Debug|Any CPU
		{E3E1F37A-9599-4227-9042-BE9BCE22779C}.Debug|x86.ActiveCfg = Debug|Any CPU
		{E3E1F37A-9599-4227-9042-BE9BCE22779C}.Debug|x86.Build.0 = Debug|Any CPU
		{E3E1F37A-9599-4227-9042-BE9BCE22779C}.Release|Any CPU.ActiveCfg = Release|Any CPU
		{E3E1F37A-9599-4227-9042-BE9BCE22779C}.Release|Any CPU.Build.0 = Release|Any CPU
		{E3E1F37A-9599-4227-9042-BE9BCE22779C}.Release|x64.ActiveCfg = Release|Any CPU
		{E3E1F37A-9599-4227-9042-BE9BCE22779C}.Release|x64.Build.0 = Release|Any CPU
		{E3E1F37A-9599-4227-9042-BE9BCE22779C}.Release|x86.ActiveCfg = Release|Any CPU
		{E3E1F37A-9599-4227-9042-BE9BCE22779C}.Release|x86.Build.0 = Release|Any CPU
		{2FAD6620-2F0A-4CF5-AED6-71429C475117}.Debug|Any CPU.ActiveCfg = Debug|Any CPU
		{2FAD6620-2F0A-4CF5-AED6-71429C475117}.Debug|Any CPU.Build.0 = Debug|Any CPU
		{2FAD6620-2F0A-4CF5-AED6-71429C475117}.Debug|x64.ActiveCfg = Debug|Any CPU
		{2FAD6620-2F0A-4CF5-AED6-71429C475117}.Debug|x64.Build.0 = Debug|Any CPU
		{2FAD6620-2F0A-4CF5-AED6-71429C475117}.Debug|x86.ActiveCfg = Debug|Any CPU
		{2FAD6620-2F0A-4CF5-AED6-71429C475117}.Debug|x86.Build.0 = Debug|Any CPU
		{2FAD6620-2F0A-4CF5-AED6-71429C475117}.Release|Any CPU.ActiveCfg = Release|Any CPU
		{2FAD6620-2F0A-4CF5-AED6-71429C475117}.Release|Any CPU.Build.0 = Release|Any CPU
		{2FAD6620-2F0A-4CF5-AED6-71429C475117}.Release|x64.ActiveCfg = Release|Any CPU
		{2FAD6620-2F0A-4CF5-AED6-71429C475117}.Release|x64.Build.0 = Release|Any CPU
		{2FAD6620-2F0A-4CF5-AED6-71429C475117}.Release|x86.ActiveCfg = Release|Any CPU
		{2FAD6620-2F0A-4CF5-AED6-71429C475117}.Release|x86.Build.0 = Release|Any CPU
		{EA3B0ED2-9C66-44E6-ABF1-9FCD5BCD6A26}.Debug|Any CPU.ActiveCfg = Debug|Any CPU
		{EA3B0ED2-9C66-44E6-ABF1-9FCD5BCD6A26}.Debug|Any CPU.Build.0 = Debug|Any CPU
		{EA3B0ED2-9C66-44E6-ABF1-9FCD5BCD6A26}.Debug|x64.ActiveCfg = Debug|Any CPU
		{EA3B0ED2-9C66-44E6-ABF1-9FCD5BCD6A26}.Debug|x64.Build.0 = Debug|Any CPU
		{EA3B0ED2-9C66-44E6-ABF1-9FCD5BCD6A26}.Debug|x86.ActiveCfg = Debug|Any CPU
		{EA3B0ED2-9C66-44E6-ABF1-9FCD5BCD6A26}.Debug|x86.Build.0 = Debug|Any CPU
		{EA3B0ED2-9C66-44E6-ABF1-9FCD5BCD6A26}.Release|Any CPU.ActiveCfg = Release|Any CPU
		{EA3B0ED2-9C66-44E6-ABF1-9FCD5BCD6A26}.Release|Any CPU.Build.0 = Release|Any CPU
		{EA3B0ED2-9C66-44E6-ABF1-9FCD5BCD6A26}.Release|x64.ActiveCfg = Release|Any CPU
		{EA3B0ED2-9C66-44E6-ABF1-9FCD5BCD6A26}.Release|x64.Build.0 = Release|Any CPU
		{EA3B0ED2-9C66-44E6-ABF1-9FCD5BCD6A26}.Release|x86.ActiveCfg = Release|Any CPU
		{EA3B0ED2-9C66-44E6-ABF1-9FCD5BCD6A26}.Release|x86.Build.0 = Release|Any CPU
		{0F624E86-D899-4AD7-B4C5-8CC8647C025D}.Debug|Any CPU.ActiveCfg = Debug|Any CPU
		{0F624E86-D899-4AD7-B4C5-8CC8647C025D}.Debug|Any CPU.Build.0 = Debug|Any CPU
		{0F624E86-D899-4AD7-B4C5-8CC8647C025D}.Debug|x64.ActiveCfg = Debug|Any CPU
		{0F624E86-D899-4AD7-B4C5-8CC8647C025D}.Debug|x64.Build.0 = Debug|Any CPU
		{0F624E86-D899-4AD7-B4C5-8CC8647C025D}.Debug|x86.ActiveCfg = Debug|Any CPU
		{0F624E86-D899-4AD7-B4C5-8CC8647C025D}.Debug|x86.Build.0 = Debug|Any CPU
		{0F624E86-D899-4AD7-B4C5-8CC8647C025D}.Release|Any CPU.ActiveCfg = Release|Any CPU
		{0F624E86-D899-4AD7-B4C5-8CC8647C025D}.Release|Any CPU.Build.0 = Release|Any CPU
		{0F624E86-D899-4AD7-B4C5-8CC8647C025D}.Release|x64.ActiveCfg = Release|Any CPU
		{0F624E86-D899-4AD7-B4C5-8CC8647C025D}.Release|x64.Build.0 = Release|Any CPU
		{0F624E86-D899-4AD7-B4C5-8CC8647C025D}.Release|x86.ActiveCfg = Release|Any CPU
		{0F624E86-D899-4AD7-B4C5-8CC8647C025D}.Release|x86.Build.0 = Release|Any CPU
		{455E46D8-591C-4A3D-A5D3-F100935B8B73}.Debug|Any CPU.ActiveCfg = Debug|Any CPU
		{455E46D8-591C-4A3D-A5D3-F100935B8B73}.Debug|Any CPU.Build.0 = Debug|Any CPU
		{455E46D8-591C-4A3D-A5D3-F100935B8B73}.Debug|x64.ActiveCfg = Debug|Any CPU
		{455E46D8-591C-4A3D-A5D3-F100935B8B73}.Debug|x64.Build.0 = Debug|Any CPU
		{455E46D8-591C-4A3D-A5D3-F100935B8B73}.Debug|x86.ActiveCfg = Debug|Any CPU
		{455E46D8-591C-4A3D-A5D3-F100935B8B73}.Debug|x86.Build.0 = Debug|Any CPU
		{455E46D8-591C-4A3D-A5D3-F100935B8B73}.Release|Any CPU.ActiveCfg = Release|Any CPU
		{455E46D8-591C-4A3D-A5D3-F100935B8B73}.Release|Any CPU.Build.0 = Release|Any CPU
		{455E46D8-591C-4A3D-A5D3-F100935B8B73}.Release|x64.ActiveCfg = Release|Any CPU
		{455E46D8-591C-4A3D-A5D3-F100935B8B73}.Release|x64.Build.0 = Release|Any CPU
		{455E46D8-591C-4A3D-A5D3-F100935B8B73}.Release|x86.ActiveCfg = Release|Any CPU
		{455E46D8-591C-4A3D-A5D3-F100935B8B73}.Release|x86.Build.0 = Release|Any CPU
		{09F85C00-E927-4B5A-AF96-7547E7753307}.Debug|Any CPU.ActiveCfg = Debug|Any CPU
		{09F85C00-E927-4B5A-AF96-7547E7753307}.Debug|Any CPU.Build.0 = Debug|Any CPU
		{09F85C00-E927-4B5A-AF96-7547E7753307}.Debug|x64.ActiveCfg = Debug|Any CPU
		{09F85C00-E927-4B5A-AF96-7547E7753307}.Debug|x64.Build.0 = Debug|Any CPU
		{09F85C00-E927-4B5A-AF96-7547E7753307}.Debug|x86.ActiveCfg = Debug|Any CPU
		{09F85C00-E927-4B5A-AF96-7547E7753307}.Debug|x86.Build.0 = Debug|Any CPU
		{09F85C00-E927-4B5A-AF96-7547E7753307}.Release|Any CPU.ActiveCfg = Release|Any CPU
		{09F85C00-E927-4B5A-AF96-7547E7753307}.Release|Any CPU.Build.0 = Release|Any CPU
		{09F85C00-E927-4B5A-AF96-7547E7753307}.Release|x64.ActiveCfg = Release|Any CPU
		{09F85C00-E927-4B5A-AF96-7547E7753307}.Release|x64.Build.0 = Release|Any CPU
		{09F85C00-E927-4B5A-AF96-7547E7753307}.Release|x86.ActiveCfg = Release|Any CPU
		{09F85C00-E927-4B5A-AF96-7547E7753307}.Release|x86.Build.0 = Release|Any CPU
		{D19A60B1-06B3-4E76-B8BC-1636AF7645A2}.Debug|Any CPU.ActiveCfg = Debug|Any CPU
		{D19A60B1-06B3-4E76-B8BC-1636AF7645A2}.Debug|Any CPU.Build.0 = Debug|Any CPU
		{D19A60B1-06B3-4E76-B8BC-1636AF7645A2}.Debug|x64.ActiveCfg = Debug|Any CPU
		{D19A60B1-06B3-4E76-B8BC-1636AF7645A2}.Debug|x64.Build.0 = Debug|Any CPU
		{D19A60B1-06B3-4E76-B8BC-1636AF7645A2}.Debug|x86.ActiveCfg = Debug|Any CPU
		{D19A60B1-06B3-4E76-B8BC-1636AF7645A2}.Debug|x86.Build.0 = Debug|Any CPU
		{D19A60B1-06B3-4E76-B8BC-1636AF7645A2}.Release|Any CPU.ActiveCfg = Release|Any CPU
		{D19A60B1-06B3-4E76-B8BC-1636AF7645A2}.Release|Any CPU.Build.0 = Release|Any CPU
		{D19A60B1-06B3-4E76-B8BC-1636AF7645A2}.Release|x64.ActiveCfg = Release|Any CPU
		{D19A60B1-06B3-4E76-B8BC-1636AF7645A2}.Release|x64.Build.0 = Release|Any CPU
		{D19A60B1-06B3-4E76-B8BC-1636AF7645A2}.Release|x86.ActiveCfg = Release|Any CPU
		{D19A60B1-06B3-4E76-B8BC-1636AF7645A2}.Release|x86.Build.0 = Release|Any CPU
		{D0A801BD-6D47-43C0-B9B5-3CC69B02E0F7}.Debug|Any CPU.ActiveCfg = Debug|Any CPU
		{D0A801BD-6D47-43C0-B9B5-3CC69B02E0F7}.Debug|Any CPU.Build.0 = Debug|Any CPU
		{D0A801BD-6D47-43C0-B9B5-3CC69B02E0F7}.Debug|x64.ActiveCfg = Debug|Any CPU
		{D0A801BD-6D47-43C0-B9B5-3CC69B02E0F7}.Debug|x64.Build.0 = Debug|Any CPU
		{D0A801BD-6D47-43C0-B9B5-3CC69B02E0F7}.Debug|x86.ActiveCfg = Debug|Any CPU
		{D0A801BD-6D47-43C0-B9B5-3CC69B02E0F7}.Debug|x86.Build.0 = Debug|Any CPU
		{D0A801BD-6D47-43C0-B9B5-3CC69B02E0F7}.Release|Any CPU.ActiveCfg = Release|Any CPU
		{D0A801BD-6D47-43C0-B9B5-3CC69B02E0F7}.Release|Any CPU.Build.0 = Release|Any CPU
		{D0A801BD-6D47-43C0-B9B5-3CC69B02E0F7}.Release|x64.ActiveCfg = Release|Any CPU
		{D0A801BD-6D47-43C0-B9B5-3CC69B02E0F7}.Release|x64.Build.0 = Release|Any CPU
		{D0A801BD-6D47-43C0-B9B5-3CC69B02E0F7}.Release|x86.ActiveCfg = Release|Any CPU
		{D0A801BD-6D47-43C0-B9B5-3CC69B02E0F7}.Release|x86.Build.0 = Release|Any CPU
		{482F7B9B-4676-4F31-BFAD-57CF76FF2BA1}.Debug|Any CPU.ActiveCfg = Debug|Any CPU
		{482F7B9B-4676-4F31-BFAD-57CF76FF2BA1}.Debug|Any CPU.Build.0 = Debug|Any CPU
		{482F7B9B-4676-4F31-BFAD-57CF76FF2BA1}.Debug|x64.ActiveCfg = Debug|Any CPU
		{482F7B9B-4676-4F31-BFAD-57CF76FF2BA1}.Debug|x64.Build.0 = Debug|Any CPU
		{482F7B9B-4676-4F31-BFAD-57CF76FF2BA1}.Debug|x86.ActiveCfg = Debug|Any CPU
		{482F7B9B-4676-4F31-BFAD-57CF76FF2BA1}.Debug|x86.Build.0 = Debug|Any CPU
		{482F7B9B-4676-4F31-BFAD-57CF76FF2BA1}.Release|Any CPU.ActiveCfg = Release|Any CPU
		{482F7B9B-4676-4F31-BFAD-57CF76FF2BA1}.Release|Any CPU.Build.0 = Release|Any CPU
		{482F7B9B-4676-4F31-BFAD-57CF76FF2BA1}.Release|x64.ActiveCfg = Release|Any CPU
		{482F7B9B-4676-4F31-BFAD-57CF76FF2BA1}.Release|x64.Build.0 = Release|Any CPU
		{482F7B9B-4676-4F31-BFAD-57CF76FF2BA1}.Release|x86.ActiveCfg = Release|Any CPU
		{482F7B9B-4676-4F31-BFAD-57CF76FF2BA1}.Release|x86.Build.0 = Release|Any CPU
		{5D069DD2-F659-43C6-B908-53F1F9BD3964}.Debug|Any CPU.ActiveCfg = Debug|Any CPU
		{5D069DD2-F659-43C6-B908-53F1F9BD3964}.Debug|Any CPU.Build.0 = Debug|Any CPU
		{5D069DD2-F659-43C6-B908-53F1F9BD3964}.Debug|x64.ActiveCfg = Debug|Any CPU
		{5D069DD2-F659-43C6-B908-53F1F9BD3964}.Debug|x64.Build.0 = Debug|Any CPU
		{5D069DD2-F659-43C6-B908-53F1F9BD3964}.Debug|x86.ActiveCfg = Debug|Any CPU
		{5D069DD2-F659-43C6-B908-53F1F9BD3964}.Debug|x86.Build.0 = Debug|Any CPU
		{5D069DD2-F659-43C6-B908-53F1F9BD3964}.Release|Any CPU.ActiveCfg = Release|Any CPU
		{5D069DD2-F659-43C6-B908-53F1F9BD3964}.Release|Any CPU.Build.0 = Release|Any CPU
		{5D069DD2-F659-43C6-B908-53F1F9BD3964}.Release|x64.ActiveCfg = Release|Any CPU
		{5D069DD2-F659-43C6-B908-53F1F9BD3964}.Release|x64.Build.0 = Release|Any CPU
		{5D069DD2-F659-43C6-B908-53F1F9BD3964}.Release|x86.ActiveCfg = Release|Any CPU
		{5D069DD2-F659-43C6-B908-53F1F9BD3964}.Release|x86.Build.0 = Release|Any CPU
		{290FC416-F5B9-42D0-A55C-3D09DFFD9398}.Debug|Any CPU.ActiveCfg = Debug|Any CPU
		{290FC416-F5B9-42D0-A55C-3D09DFFD9398}.Debug|Any CPU.Build.0 = Debug|Any CPU
		{290FC416-F5B9-42D0-A55C-3D09DFFD9398}.Debug|x64.ActiveCfg = Debug|Any CPU
		{290FC416-F5B9-42D0-A55C-3D09DFFD9398}.Debug|x64.Build.0 = Debug|Any CPU
		{290FC416-F5B9-42D0-A55C-3D09DFFD9398}.Debug|x86.ActiveCfg = Debug|Any CPU
		{290FC416-F5B9-42D0-A55C-3D09DFFD9398}.Debug|x86.Build.0 = Debug|Any CPU
		{290FC416-F5B9-42D0-A55C-3D09DFFD9398}.Release|Any CPU.ActiveCfg = Release|Any CPU
		{290FC416-F5B9-42D0-A55C-3D09DFFD9398}.Release|Any CPU.Build.0 = Release|Any CPU
		{290FC416-F5B9-42D0-A55C-3D09DFFD9398}.Release|x64.ActiveCfg = Release|Any CPU
		{290FC416-F5B9-42D0-A55C-3D09DFFD9398}.Release|x64.Build.0 = Release|Any CPU
		{290FC416-F5B9-42D0-A55C-3D09DFFD9398}.Release|x86.ActiveCfg = Release|Any CPU
		{290FC416-F5B9-42D0-A55C-3D09DFFD9398}.Release|x86.Build.0 = Release|Any CPU
		{406D44F8-BB65-4B04-BF82-F8747C99B714}.Debug|Any CPU.ActiveCfg = Debug|Any CPU
		{406D44F8-BB65-4B04-BF82-F8747C99B714}.Debug|Any CPU.Build.0 = Debug|Any CPU
		{406D44F8-BB65-4B04-BF82-F8747C99B714}.Debug|x64.ActiveCfg = Debug|Any CPU
		{406D44F8-BB65-4B04-BF82-F8747C99B714}.Debug|x64.Build.0 = Debug|Any CPU
		{406D44F8-BB65-4B04-BF82-F8747C99B714}.Debug|x86.ActiveCfg = Debug|Any CPU
		{406D44F8-BB65-4B04-BF82-F8747C99B714}.Debug|x86.Build.0 = Debug|Any CPU
		{406D44F8-BB65-4B04-BF82-F8747C99B714}.Release|Any CPU.ActiveCfg = Release|Any CPU
		{406D44F8-BB65-4B04-BF82-F8747C99B714}.Release|Any CPU.Build.0 = Release|Any CPU
		{406D44F8-BB65-4B04-BF82-F8747C99B714}.Release|x64.ActiveCfg = Release|Any CPU
		{406D44F8-BB65-4B04-BF82-F8747C99B714}.Release|x64.Build.0 = Release|Any CPU
		{406D44F8-BB65-4B04-BF82-F8747C99B714}.Release|x86.ActiveCfg = Release|Any CPU
		{406D44F8-BB65-4B04-BF82-F8747C99B714}.Release|x86.Build.0 = Release|Any CPU
		{6F135742-D6D5-49D2-8E76-4A341EFC2B5A}.Debug|Any CPU.ActiveCfg = Debug|Any CPU
		{6F135742-D6D5-49D2-8E76-4A341EFC2B5A}.Debug|Any CPU.Build.0 = Debug|Any CPU
		{6F135742-D6D5-49D2-8E76-4A341EFC2B5A}.Debug|x64.ActiveCfg = Debug|Any CPU
		{6F135742-D6D5-49D2-8E76-4A341EFC2B5A}.Debug|x64.Build.0 = Debug|Any CPU
		{6F135742-D6D5-49D2-8E76-4A341EFC2B5A}.Debug|x86.ActiveCfg = Debug|Any CPU
		{6F135742-D6D5-49D2-8E76-4A341EFC2B5A}.Debug|x86.Build.0 = Debug|Any CPU
		{6F135742-D6D5-49D2-8E76-4A341EFC2B5A}.Release|Any CPU.ActiveCfg = Release|Any CPU
		{6F135742-D6D5-49D2-8E76-4A341EFC2B5A}.Release|Any CPU.Build.0 = Release|Any CPU
		{6F135742-D6D5-49D2-8E76-4A341EFC2B5A}.Release|x64.ActiveCfg = Release|Any CPU
		{6F135742-D6D5-49D2-8E76-4A341EFC2B5A}.Release|x64.Build.0 = Release|Any CPU
		{6F135742-D6D5-49D2-8E76-4A341EFC2B5A}.Release|x86.ActiveCfg = Release|Any CPU
		{6F135742-D6D5-49D2-8E76-4A341EFC2B5A}.Release|x86.Build.0 = Release|Any CPU
		{483B1AB6-8618-4129-AE0A-FBD504F735C2}.Debug|Any CPU.ActiveCfg = Debug|Any CPU
		{483B1AB6-8618-4129-AE0A-FBD504F735C2}.Debug|Any CPU.Build.0 = Debug|Any CPU
		{483B1AB6-8618-4129-AE0A-FBD504F735C2}.Debug|x64.ActiveCfg = Debug|Any CPU
		{483B1AB6-8618-4129-AE0A-FBD504F735C2}.Debug|x64.Build.0 = Debug|Any CPU
		{483B1AB6-8618-4129-AE0A-FBD504F735C2}.Debug|x86.ActiveCfg = Debug|Any CPU
		{483B1AB6-8618-4129-AE0A-FBD504F735C2}.Debug|x86.Build.0 = Debug|Any CPU
		{483B1AB6-8618-4129-AE0A-FBD504F735C2}.Release|Any CPU.ActiveCfg = Release|Any CPU
		{483B1AB6-8618-4129-AE0A-FBD504F735C2}.Release|Any CPU.Build.0 = Release|Any CPU
		{483B1AB6-8618-4129-AE0A-FBD504F735C2}.Release|x64.ActiveCfg = Release|Any CPU
		{483B1AB6-8618-4129-AE0A-FBD504F735C2}.Release|x64.Build.0 = Release|Any CPU
		{483B1AB6-8618-4129-AE0A-FBD504F735C2}.Release|x86.ActiveCfg = Release|Any CPU
		{483B1AB6-8618-4129-AE0A-FBD504F735C2}.Release|x86.Build.0 = Release|Any CPU
		{72356A2F-B5B5-4CAF-81BC-E0588BA7B704}.Debug|Any CPU.ActiveCfg = Debug|Any CPU
		{72356A2F-B5B5-4CAF-81BC-E0588BA7B704}.Debug|Any CPU.Build.0 = Debug|Any CPU
		{72356A2F-B5B5-4CAF-81BC-E0588BA7B704}.Debug|x64.ActiveCfg = Debug|Any CPU
		{72356A2F-B5B5-4CAF-81BC-E0588BA7B704}.Debug|x64.Build.0 = Debug|Any CPU
		{72356A2F-B5B5-4CAF-81BC-E0588BA7B704}.Debug|x86.ActiveCfg = Debug|Any CPU
		{72356A2F-B5B5-4CAF-81BC-E0588BA7B704}.Debug|x86.Build.0 = Debug|Any CPU
		{72356A2F-B5B5-4CAF-81BC-E0588BA7B704}.Release|Any CPU.ActiveCfg = Release|Any CPU
		{72356A2F-B5B5-4CAF-81BC-E0588BA7B704}.Release|Any CPU.Build.0 = Release|Any CPU
		{72356A2F-B5B5-4CAF-81BC-E0588BA7B704}.Release|x64.ActiveCfg = Release|Any CPU
		{72356A2F-B5B5-4CAF-81BC-E0588BA7B704}.Release|x64.Build.0 = Release|Any CPU
		{72356A2F-B5B5-4CAF-81BC-E0588BA7B704}.Release|x86.ActiveCfg = Release|Any CPU
		{72356A2F-B5B5-4CAF-81BC-E0588BA7B704}.Release|x86.Build.0 = Release|Any CPU
		{FBC15755-ED64-4151-8DC1-1D5B3A8F85BF}.Debug|Any CPU.ActiveCfg = Debug|Any CPU
		{FBC15755-ED64-4151-8DC1-1D5B3A8F85BF}.Debug|Any CPU.Build.0 = Debug|Any CPU
		{FBC15755-ED64-4151-8DC1-1D5B3A8F85BF}.Debug|x64.ActiveCfg = Debug|Any CPU
		{FBC15755-ED64-4151-8DC1-1D5B3A8F85BF}.Debug|x64.Build.0 = Debug|Any CPU
		{FBC15755-ED64-4151-8DC1-1D5B3A8F85BF}.Debug|x86.ActiveCfg = Debug|Any CPU
		{FBC15755-ED64-4151-8DC1-1D5B3A8F85BF}.Debug|x86.Build.0 = Debug|Any CPU
		{FBC15755-ED64-4151-8DC1-1D5B3A8F85BF}.Release|Any CPU.ActiveCfg = Release|Any CPU
		{FBC15755-ED64-4151-8DC1-1D5B3A8F85BF}.Release|Any CPU.Build.0 = Release|Any CPU
		{FBC15755-ED64-4151-8DC1-1D5B3A8F85BF}.Release|x64.ActiveCfg = Release|Any CPU
		{FBC15755-ED64-4151-8DC1-1D5B3A8F85BF}.Release|x64.Build.0 = Release|Any CPU
		{FBC15755-ED64-4151-8DC1-1D5B3A8F85BF}.Release|x86.ActiveCfg = Release|Any CPU
		{FBC15755-ED64-4151-8DC1-1D5B3A8F85BF}.Release|x86.Build.0 = Release|Any CPU
		{9E5FC06E-F906-475B-A98E-C8A558AF2319}.Debug|Any CPU.ActiveCfg = Debug|Any CPU
		{9E5FC06E-F906-475B-A98E-C8A558AF2319}.Debug|Any CPU.Build.0 = Debug|Any CPU
		{9E5FC06E-F906-475B-A98E-C8A558AF2319}.Debug|x64.ActiveCfg = Debug|Any CPU
		{9E5FC06E-F906-475B-A98E-C8A558AF2319}.Debug|x64.Build.0 = Debug|Any CPU
		{9E5FC06E-F906-475B-A98E-C8A558AF2319}.Debug|x86.ActiveCfg = Debug|Any CPU
		{9E5FC06E-F906-475B-A98E-C8A558AF2319}.Debug|x86.Build.0 = Debug|Any CPU
		{9E5FC06E-F906-475B-A98E-C8A558AF2319}.Release|Any CPU.ActiveCfg = Release|Any CPU
		{9E5FC06E-F906-475B-A98E-C8A558AF2319}.Release|Any CPU.Build.0 = Release|Any CPU
		{9E5FC06E-F906-475B-A98E-C8A558AF2319}.Release|x64.ActiveCfg = Release|Any CPU
		{9E5FC06E-F906-475B-A98E-C8A558AF2319}.Release|x64.Build.0 = Release|Any CPU
		{9E5FC06E-F906-475B-A98E-C8A558AF2319}.Release|x86.ActiveCfg = Release|Any CPU
		{9E5FC06E-F906-475B-A98E-C8A558AF2319}.Release|x86.Build.0 = Release|Any CPU
	EndGlobalSection
	GlobalSection(SolutionProperties) = preSolution
		HideSolutionNode = FALSE
	EndGlobalSection
	GlobalSection(NestedProjects) = preSolution
		{455E46D8-591C-4A3D-A5D3-F100935B8B73} = {C00E84BB-3C02-448C-904B-241364ECA34F}
		{09F85C00-E927-4B5A-AF96-7547E7753307} = {C00E84BB-3C02-448C-904B-241364ECA34F}
		{D19A60B1-06B3-4E76-B8BC-1636AF7645A2} = {C00E84BB-3C02-448C-904B-241364ECA34F}
		{D0A801BD-6D47-43C0-B9B5-3CC69B02E0F7} = {C00E84BB-3C02-448C-904B-241364ECA34F}
		{482F7B9B-4676-4F31-BFAD-57CF76FF2BA1} = {C00E84BB-3C02-448C-904B-241364ECA34F}
		{5D069DD2-F659-43C6-B908-53F1F9BD3964} = {C00E84BB-3C02-448C-904B-241364ECA34F}
		{290FC416-F5B9-42D0-A55C-3D09DFFD9398} = {C00E84BB-3C02-448C-904B-241364ECA34F}
		{406D44F8-BB65-4B04-BF82-F8747C99B714} = {C00E84BB-3C02-448C-904B-241364ECA34F}
		{6F135742-D6D5-49D2-8E76-4A341EFC2B5A} = {C00E84BB-3C02-448C-904B-241364ECA34F}
		{483B1AB6-8618-4129-AE0A-FBD504F735C2} = {C00E84BB-3C02-448C-904B-241364ECA34F}
		{72356A2F-B5B5-4CAF-81BC-E0588BA7B704} = {C00E84BB-3C02-448C-904B-241364ECA34F}
		{FBC15755-ED64-4151-8DC1-1D5B3A8F85BF} = {C00E84BB-3C02-448C-904B-241364ECA34F}
	EndGlobalSection
	GlobalSection(ExtensibilityGlobals) = postSolution
		SolutionGuid = {1414F1B1-5261-4B11-928D-D7B9A61C606C}
	EndGlobalSection
EndGlobal
